// !$*UTF8*$!
{
	archiveVersion = 1;
	classes = {
	};
	objectVersion = 46;
	objects = {

/* Begin PBXBuildFile section */
		CA6B26F915F6C2A6009D82C9 /* UIKit.framework in Frameworks */ = {isa = PBXBuildFile; fileRef = CA6B26F815F6C2A6009D82C9 /* UIKit.framework */; };
		CA6B26FB15F6C2A6009D82C9 /* Foundation.framework in Frameworks */ = {isa = PBXBuildFile; fileRef = CA6B26FA15F6C2A6009D82C9 /* Foundation.framework */; };
		CA6B26FD15F6C2A6009D82C9 /* CoreGraphics.framework in Frameworks */ = {isa = PBXBuildFile; fileRef = CA6B26FC15F6C2A6009D82C9 /* CoreGraphics.framework */; };
		CA6B270315F6C2A6009D82C9 /* InfoPlist.strings in Resources */ = {isa = PBXBuildFile; fileRef = CA6B270115F6C2A6009D82C9 /* InfoPlist.strings */; };
		CA6B270515F6C2A6009D82C9 /* main.m in Sources */ = {isa = PBXBuildFile; fileRef = CA6B270415F6C2A6009D82C9 /* main.m */; };
		CA6B270915F6C2A6009D82C9 /* AppDelegate.m in Sources */ = {isa = PBXBuildFile; fileRef = CA6B270815F6C2A6009D82C9 /* AppDelegate.m */; };
		CA6B270C15F6C2A6009D82C9 /* ViewController.m in Sources */ = {isa = PBXBuildFile; fileRef = CA6B270B15F6C2A6009D82C9 /* ViewController.m */; };
		CA6B270F15F6C2A6009D82C9 /* ViewController.xib in Resources */ = {isa = PBXBuildFile; fileRef = CA6B270D15F6C2A6009D82C9 /* ViewController.xib */; };
/* End PBXBuildFile section */

/* Begin PBXFileReference section */
		CA6B26F415F6C2A6009D82C9 /* Mersberger Financial.app */ = {isa = PBXFileReference; explicitFileType = wrapper.application; includeInIndex = 0; path = "Mersberger Financial.app"; sourceTree = BUILT_PRODUCTS_DIR; };
		CA6B26F815F6C2A6009D82C9 /* UIKit.framework */ = {isa = PBXFileReference; lastKnownFileType = wrapper.framework; name = UIKit.framework; path = System/Library/Frameworks/UIKit.framework; sourceTree = SDKROOT; };
		CA6B26FA15F6C2A6009D82C9 /* Foundation.framework */ = {isa = PBXFileReference; lastKnownFileType = wrapper.framework; name = Foundation.framework; path = System/Library/Frameworks/Foundation.framework; sourceTree = SDKROOT; };
		CA6B26FC15F6C2A6009D82C9 /* CoreGraphics.framework */ = {isa = PBXFileReference; lastKnownFileType = wrapper.framework; name = CoreGraphics.framework; path = System/Library/Frameworks/CoreGraphics.framework; sourceTree = SDKROOT; };
		CA6B270015F6C2A6009D82C9 /* Mersberger Financial-Info.plist */ = {isa = PBXFileReference; path = "Mersberger Financial-Info.plist"; sourceTree = "<group>"; };
		CA6B270215F6C2A6009D82C9 /* en */ = {isa = PBXFileReference; lastKnownFileType = text.plist.strings; name = en; path = en.lproj/InfoPlist.strings; sourceTree = "<group>"; };
		CA6B270415F6C2A6009D82C9 /* main.m */ = {isa = PBXFileReference; lastKnownFileType = sourcecode.c.objc; path = main.m; sourceTree = "<group>"; };
		CA6B270615F6C2A6009D82C9 /* Mersberger Financial-Prefix.pch */ = {isa = PBXFileReference; path = "Mersberger Financial-Prefix.pch"; sourceTree = "<group>"; };
		CA6B270715F6C2A6009D82C9 /* AppDelegate.h */ = {isa = PBXFileReference; path = AppDelegate.h; sourceTree = "<group>"; };
		CA6B270815F6C2A6009D82C9 /* AppDelegate.m */ = {isa = PBXFileReference; lastKnownFileType = sourcecode.c.objc; path = AppDelegate.m; sourceTree = "<group>"; };
		CA6B270A15F6C2A6009D82C9 /* ViewController.h */ = {isa = PBXFileReference; path = ViewController.h; sourceTree = "<group>"; };
		CA6B270B15F6C2A6009D82C9 /* ViewController.m */ = {isa = PBXFileReference; lastKnownFileType = sourcecode.c.objc; path = ViewController.m; sourceTree = "<group>"; };
		CA6B270E15F6C2A6009D82C9 /* en */ = {isa = PBXFileReference; lastKnownFileType = file.xib; name = en; path = en.lproj/ViewController.xib; sourceTree = "<group>"; };
/* End PBXFileReference section */

/* Begin PBXFrameworksBuildPhase section */
		CA6B26F115F6C2A6009D82C9 /* Frameworks */ = {
			isa = PBXFrameworksBuildPhase;
			buildActionMask = 2147483647;
			files = (
				CA6B26F915F6C2A6009D82C9 /* UIKit.framework in Frameworks */,
				CA6B26FB15F6C2A6009D82C9 /* Foundation.framework in Frameworks */,
				CA6B26FD15F6C2A6009D82C9 /* CoreGraphics.framework in Frameworks */,
			);
			runOnlyForDeploymentPostprocessing = 0;
		};
/* End PBXFrameworksBuildPhase section */

/* Begin PBXGroup section */
		CA6B26E915F6C2A4009D82C9 = {
			isa = PBXGroup;
			children = (
				CA6B26FE15F6C2A6009D82C9 /* Mersberger Financial */,
				CA6B26F715F6C2A6009D82C9 /* Frameworks */,
				CA6B26F515F6C2A6009D82C9 /* Products */,
			);
			sourceTree = "<group>";
		};
		CA6B26F515F6C2A6009D82C9 /* Products */ = {
			isa = PBXGroup;
			children = (
				CA6B26F415F6C2A6009D82C9 /* Mersberger Financial.app */,
			);
			name = Products;
			sourceTree = "<group>";
		};
		CA6B26F715F6C2A6009D82C9 /* Frameworks */ = {
			isa = PBXGroup;
			children = (
				CA6B26F815F6C2A6009D82C9 /* UIKit.framework */,
				CA6B26FA15F6C2A6009D82C9 /* Foundation.framework */,
				CA6B26FC15F6C2A6009D82C9 /* CoreGraphics.framework */,
			);
			name = Frameworks;
			sourceTree = "<group>";
		};
		CA6B26FE15F6C2A6009D82C9 /* Mersberger Financial */ = {
			isa = PBXGroup;
			children = (
				CA6B270715F6C2A6009D82C9 /* AppDelegate.h */,
				CA6B270815F6C2A6009D82C9 /* AppDelegate.m */,
				CA6B270A15F6C2A6009D82C9 /* ViewController.h */,
				CA6B270B15F6C2A6009D82C9 /* ViewController.m */,
				CA6B270D15F6C2A6009D82C9 /* ViewController.xib */,
				CA6B26FF15F6C2A6009D82C9 /* Supporting Files */,
			);
			path = "Mersberger Financial";
			sourceTree = "<group>";
		};
		CA6B26FF15F6C2A6009D82C9 /* Supporting Files */ = {
			isa = PBXGroup;
			children = (
				CA6B270015F6C2A6009D82C9 /* Mersberger Financial-Info.plist */,
				CA6B270115F6C2A6009D82C9 /* InfoPlist.strings */,
				CA6B270415F6C2A6009D82C9 /* main.m */,
				CA6B270615F6C2A6009D82C9 /* Mersberger Financial-Prefix.pch */,
			);
			name = "Supporting Files";
			sourceTree = "<group>";
		};
/* End PBXGroup section */

/* Begin PBXNativeTarget section */
		CA6B26F315F6C2A6009D82C9 /* Mersberger Financial */ = {
			isa = PBXNativeTarget;
			buildConfigurationList = CA6B271215F6C2A6009D82C9 /* Build configuration list for PBXNativeTarget "Mersberger Financial" */;
			buildPhases = (
				CA6B26F015F6C2A6009D82C9 /* Sources */,
				CA6B26F115F6C2A6009D82C9 /* Frameworks */,
				CA6B26F215F6C2A6009D82C9 /* Resources */,
			);
			buildRules = (
			);
			dependencies = (
			);
			name = "Mersberger Financial";
			productName = "Mersberger Financial";
			productReference = CA6B26F415F6C2A6009D82C9 /* Mersberger Financial.app */;
			productType = "com.apple.product-type.application";
		};
/* End PBXNativeTarget section */

/* Begin PBXProject section */
		CA6B26EB15F6C2A4009D82C9 /* Project object */ = {
			isa = PBXProject;
			attributes = {
				LastUpgradeCheck = 0430;
				ORGANIZATIONNAME = "Pwn Industries";
			};
			buildConfigurationList = CA6B26EE15F6C2A4009D82C9 /* Build configuration list for PBXProject "Mersberger Financial" */;
			compatibilityVersion = "Xcode 3.2";
			developmentRegion = English;
			hasScannedForEncodings = 0;
			knownRegions = (
				en,
			);
			mainGroup = CA6B26E915F6C2A4009D82C9;
			productRefGroup = CA6B26F515F6C2A6009D82C9 /* Products */;
			projectDirPath = "";
			projectRoot = "";
			targets = (
				CA6B26F315F6C2A6009D82C9 /* Mersberger Financial */,
			);
		};
/* End PBXProject section */

/* Begin PBXResourcesBuildPhase section */
		CA6B26F215F6C2A6009D82C9 /* Resources */ = {
			isa = PBXResourcesBuildPhase;
			buildActionMask = 2147483647;
			files = (
				CA6B270315F6C2A6009D82C9 /* InfoPlist.strings in Resources */,
				CA6B270F15F6C2A6009D82C9 /* ViewController.xib in Resources */,
			);
			runOnlyForDeploymentPostprocessing = 0;
		};
/* End PBXResourcesBuildPhase section */

/* Begin PBXSourcesBuildPhase section */
		CA6B26F015F6C2A6009D82C9 /* Sources */ = {
			isa = PBXSourcesBuildPhase;
			buildActionMask = 2147483647;
			files = (
				CA6B270515F6C2A6009D82C9 /* main.m in Sources */,
				CA6B270915F6C2A6009D82C9 /* AppDelegate.m in Sources */,
				CA6B270C15F6C2A6009D82C9 /* ViewController.m in Sources */,
			);
			runOnlyForDeploymentPostprocessing = 0;
		};
/* End PBXSourcesBuildPhase section */

/* Begin PBXVariantGroup section */
		CA6B270115F6C2A6009D82C9 /* InfoPlist.strings */ = {
			isa = PBXVariantGroup;
			children = (
				CA6B270215F6C2A6009D82C9 /* en */,
			);
			name = InfoPlist.strings;
			sourceTree = "<group>";
		};
		CA6B270D15F6C2A6009D82C9 /* ViewController.xib */ = {
			isa = PBXVariantGroup;
			children = (
				CA6B270E15F6C2A6009D82C9 /* en */,
			);
			name = ViewController.xib;
			sourceTree = "<group>";
		};
/* End PBXVariantGroup section */

/* Begin XCBuildConfiguration section */
		CA6B271015F6C2A6009D82C9 /* Debug */ = {
			isa = XCBuildConfiguration;
			buildSettings = {
				ALWAYS_SEARCH_USER_PATHS = NO;
				ARCHS = "$(ARCHS_STANDARD_32_BIT)";
				CLANG_ENABLE_OBJC_ARC = YES;
				"CODE_SIGN_IDENTITY[sdk=iphoneos*]" = "iPhone Developer";
				COPY_PHASE_STRIP = NO;
				GCC_C_LANGUAGE_STANDARD = gnu99;
				GCC_DYNAMIC_NO_PIC = NO;
				GCC_OPTIMIZATION_LEVEL = 0;
				GCC_PREPROCESSOR_DEFINITIONS = (
					"DEBUG=1",
					"$(inherited)",
				);
				GCC_SYMBOLS_PRIVATE_EXTERN = NO;
				GCC_VERSION = com.apple.compilers.llvm.clang.1_0;
				GCC_WARN_ABOUT_RETURN_TYPE = YES;
				GCC_WARN_UNINITIALIZED_AUTOS = YES;
				GCC_WARN_UNUSED_VARIABLE = YES;
				IPHONEOS_DEPLOYMENT_TARGET = 5.1;
				SDKROOT = iphoneos;
			};
			name = Debug;
		};
		CA6B271115F6C2A6009D82C9 /* Release */ = {
			isa = XCBuildConfiguration;
			buildSettings = {
				ALWAYS_SEARCH_USER_PATHS = NO;
				ARCHS = "$(ARCHS_STANDARD_32_BIT)";
				CLANG_ENABLE_OBJC_ARC = YES;
				"CODE_SIGN_IDENTITY[sdk=iphoneos*]" = "iPhone Developer";
				COPY_PHASE_STRIP = YES;
				GCC_C_LANGUAGE_STANDARD = gnu99;
				GCC_VERSION = com.apple.compilers.llvm.clang.1_0;
				GCC_WARN_ABOUT_RETURN_TYPE = YES;
				GCC_WARN_UNINITIALIZED_AUTOS = YES;
				GCC_WARN_UNUSED_VARIABLE = YES;
				IPHONEOS_DEPLOYMENT_TARGET = 5.1;
				OTHER_CFLAGS = "-DNS_BLOCK_ASSERTIONS=1";
				SDKROOT = iphoneos;
				VALIDATE_PRODUCT = YES;
			};
			name = Release;
		};
		CA6B271315F6C2A6009D82C9 /* Debug */ = {
			isa = XCBuildConfiguration;
			buildSettings = {
				GCC_PRECOMPILE_PREFIX_HEADER = YES;
				GCC_PREFIX_HEADER = "Mersberger Financial/Mersberger Financial-Prefix.pch";
				INFOPLIST_FILE = "Mersberger Financial/Mersberger Financial-Info.plist";
				PRODUCT_NAME = "$(TARGET_NAME)";
				WRAPPER_EXTENSION = app;
			};
			name = Debug;
		};
		CA6B271415F6C2A6009D82C9 /* Release */ = {
			isa = XCBuildConfiguration;
			buildSettings = {
				GCC_PRECOMPILE_PREFIX_HEADER = YES;
				GCC_PREFIX_HEADER = "Mersberger Financial/Mersberger Financial-Prefix.pch";
				INFOPLIST_FILE = "Mersberger Financial/Mersberger Financial-Info.plist";
				PRODUCT_NAME = "$(TARGET_NAME)";
				WRAPPER_EXTENSION = app;
			};
			name = Release;
		};
/* End XCBuildConfiguration section */

/* Begin XCConfigurationList section */
		CA6B26EE15F6C2A4009D82C9 /* Build configuration list for PBXProject "Mersberger Financial" */ = {
			isa = XCConfigurationList;
			buildConfigurations = (
				CA6B271015F6C2A6009D82C9 /* Debug */,
				CA6B271115F6C2A6009D82C9 /* Release */,
			);
			defaultConfigurationIsVisible = 0;
			defaultConfigurationName = Release;
		};
		CA6B271215F6C2A6009D82C9 /* Build configuration list for PBXNativeTarget "Mersberger Financial" */ = {
			isa = XCConfigurationList;
			buildConfigurations = (
				CA6B271315F6C2A6009D82C9 /* Debug */,
				CA6B271415F6C2A6009D82C9 /* Release */,
			);
			defaultConfigurationIsVisible = 0;
		};
/* End XCConfigurationList section */
	};
	rootObject = CA6B26EB15F6C2A4009D82C9 /* Project object */;
}
